
Microsoft Visual Studio Solution File, Format Version 12.00
# Visual Studio 15
VisualStudioVersion = 15.0.27004.2006
MinimumVisualStudioVersion = 10.0.40219.1
Project("{FAE04EC0-301F-11D3-BF4B-00C04F79EFBC}") = "BHSMobileApp.Android", "BHSMobileApp\BHSMobileApp.Android\BHSMobileApp.Android.csproj", "{EA3FEA07-F09B-4925-840B-9187C5E456D0}"
EndProject
Project("{FAE04EC0-301F-11D3-BF4B-00C04F79EFBC}") = "BHSMobileApp", "BHSMobileApp\BHSMobileApp\BHSMobileApp.csproj", "{76F5C838-EEB2-405D-B88C-8860D314A10A}"
EndProject
Project("{FAE04EC0-301F-11D3-BF4B-00C04F79EFBC}") = "BHSMobileApp.UWP", "BHSMobileApp\BHSMobileApp.UWP\BHSMobileApp.UWP.csproj", "{7B814474-7147-4BC6-A7F7-04A7B244F960}"
EndProject
Project("{FAE04EC0-301F-11D3-BF4B-00C04F79EFBC}") = "BHSMobileApp.iOS", "BHSMobileApp\BHSMobileApp.iOS\BHSMobileApp.iOS.csproj", "{14ABA0B2-99B0-4F6B-9D2E-E81ADF65426D}"
EndProject
Global
	GlobalSection(SolutionConfigurationPlatforms) = preSolution
		Ad-Hoc|Any CPU = Ad-Hoc|Any CPU
		Ad-Hoc|ARM = Ad-Hoc|ARM
		Ad-Hoc|iPhone = Ad-Hoc|iPhone
		Ad-Hoc|iPhoneSimulator = Ad-Hoc|iPhoneSimulator
		Ad-Hoc|x64 = Ad-Hoc|x64
		Ad-Hoc|x86 = Ad-Hoc|x86
		AppStore|Any CPU = AppStore|Any CPU
		AppStore|ARM = AppStore|ARM
		AppStore|iPhone = AppStore|iPhone
		AppStore|iPhoneSimulator = AppStore|iPhoneSimulator
		AppStore|x64 = AppStore|x64
		AppStore|x86 = AppStore|x86
		Debug|Any CPU = Debug|Any CPU
		Debug|ARM = Debug|ARM
		Debug|iPhone = Debug|iPhone
		Debug|iPhoneSimulator = Debug|iPhoneSimulator
		Debug|x64 = Debug|x64
		Debug|x86 = Debug|x86
		Release|Any CPU = Release|Any CPU
		Release|ARM = Release|ARM
		Release|iPhone = Release|iPhone
		Release|iPhoneSimulator = Release|iPhoneSimulator
		Release|x64 = Release|x64
		Release|x86 = Release|x86
	EndGlobalSection
	GlobalSection(ProjectConfigurationPlatforms) = postSolution
		{EA3FEA07-F09B-4925-840B-9187C5E456D0}.Ad-Hoc|Any CPU.ActiveCfg = Release|Any CPU
		{EA3FEA07-F09B-4925-840B-9187C5E456D0}.Ad-Hoc|Any CPU.Build.0 = Release|Any CPU
		{EA3FEA07-F09B-4925-840B-9187C5E456D0}.Ad-Hoc|Any CPU.Deploy.0 = Release|Any CPU
		{EA3FEA07-F09B-4925-840B-9187C5E456D0}.Ad-Hoc|ARM.ActiveCfg = Release|Any CPU
		{EA3FEA07-F09B-4925-840B-9187C5E456D0}.Ad-Hoc|ARM.Build.0 = Release|Any CPU
		{EA3FEA07-F09B-4925-840B-9187C5E456D0}.Ad-Hoc|ARM.Deploy.0 = Release|Any CPU
		{EA3FEA07-F09B-4925-840B-9187C5E456D0}.Ad-Hoc|iPhone.ActiveCfg = Release|Any CPU
		{EA3FEA07-F09B-4925-840B-9187C5E456D0}.Ad-Hoc|iPhone.Build.0 = Release|Any CPU
		{EA3FEA07-F09B-4925-840B-9187C5E456D0}.Ad-Hoc|iPhone.Deploy.0 = Release|Any CPU
		{EA3FEA07-F09B-4925-840B-9187C5E456D0}.Ad-Hoc|iPhoneSimulator.ActiveCfg = Release|Any CPU
		{EA3FEA07-F09B-4925-840B-9187C5E456D0}.Ad-Hoc|iPhoneSimulator.Build.0 = Release|Any CPU
		{EA3FEA07-F09B-4925-840B-9187C5E456D0}.Ad-Hoc|iPhoneSimulator.Deploy.0 = Release|Any CPU
		{EA3FEA07-F09B-4925-840B-9187C5E456D0}.Ad-Hoc|x64.ActiveCfg = Release|Any CPU
		{EA3FEA07-F09B-4925-840B-9187C5E456D0}.Ad-Hoc|x64.Build.0 = Release|Any CPU
		{EA3FEA07-F09B-4925-840B-9187C5E456D0}.Ad-Hoc|x64.Deploy.0 = Release|Any CPU
		{EA3FEA07-F09B-4925-840B-9187C5E456D0}.Ad-Hoc|x86.ActiveCfg = Release|Any CPU
		{EA3FEA07-F09B-4925-840B-9187C5E456D0}.Ad-Hoc|x86.Build.0 = Release|Any CPU
		{EA3FEA07-F09B-4925-840B-9187C5E456D0}.Ad-Hoc|x86.Deploy.0 = Release|Any CPU
		{EA3FEA07-F09B-4925-840B-9187C5E456D0}.AppStore|Any CPU.ActiveCfg = Release|Any CPU
		{EA3FEA07-F09B-4925-840B-9187C5E456D0}.AppStore|Any CPU.Build.0 = Release|Any CPU
		{EA3FEA07-F09B-4925-840B-9187C5E456D0}.AppStore|Any CPU.Deploy.0 = Release|Any CPU
		{EA3FEA07-F09B-4925-840B-9187C5E456D0}.AppStore|ARM.ActiveCfg = Release|Any CPU
		{EA3FEA07-F09B-4925-840B-9187C5E456D0}.AppStore|ARM.Build.0 = Release|Any CPU
		{EA3FEA07-F09B-4925-840B-9187C5E456D0}.AppStore|ARM.Deploy.0 = Release|Any CPU
		{EA3FEA07-F09B-4925-840B-9187C5E456D0}.AppStore|iPhone.ActiveCfg = Release|Any CPU
		{EA3FEA07-F09B-4925-840B-9187C5E456D0}.AppStore|iPhone.Build.0 = Release|Any CPU
		{EA3FEA07-F09B-4925-840B-9187C5E456D0}.AppStore|iPhone.Deploy.0 = Release|Any CPU
		{EA3FEA07-F09B-4925-840B-9187C5E456D0}.AppStore|iPhoneSimulator.ActiveCfg = Release|Any CPU
		{EA3FEA07-F09B-4925-840B-9187C5E456D0}.AppStore|iPhoneSimulator.Build.0 = Release|Any CPU
		{EA3FEA07-F09B-4925-840B-9187C5E456D0}.AppStore|iPhoneSimulator.Deploy.0 = Release|Any CPU
		{EA3FEA07-F09B-4925-840B-9187C5E456D0}.AppStore|x64.ActiveCfg = Release|Any CPU
		{EA3FEA07-F09B-4925-840B-9187C5E456D0}.AppStore|x64.Build.0 = Release|Any CPU
		{EA3FEA07-F09B-4925-840B-9187C5E456D0}.AppStore|x64.Deploy.0 = Release|Any CPU
		{EA3FEA07-F09B-4925-840B-9187C5E456D0}.AppStore|x86.ActiveCfg = Release|Any CPU
		{EA3FEA07-F09B-4925-840B-9187C5E456D0}.AppStore|x86.Build.0 = Release|Any CPU
		{EA3FEA07-F09B-4925-840B-9187C5E456D0}.AppStore|x86.Deploy.0 = Release|Any CPU
		{EA3FEA07-F09B-4925-840B-9187C5E456D0}.Debug|Any CPU.ActiveCfg = Debug|Any CPU
		{EA3FEA07-F09B-4925-840B-9187C5E456D0}.Debug|Any CPU.Build.0 = Debug|Any CPU
		{EA3FEA07-F09B-4925-840B-9187C5E456D0}.Debug|Any CPU.Deploy.0 = Debug|Any CPU
		{EA3FEA07-F09B-4925-840B-9187C5E456D0}.Debug|ARM.ActiveCfg = Debug|Any CPU
		{EA3FEA07-F09B-4925-840B-9187C5E456D0}.Debug|ARM.Build.0 = Debug|Any CPU
		{EA3FEA07-F09B-4925-840B-9187C5E456D0}.Debug|ARM.Deploy.0 = Debug|Any CPU
		{EA3FEA07-F09B-4925-840B-9187C5E456D0}.Debug|iPhone.ActiveCfg = Debug|Any CPU
		{EA3FEA07-F09B-4925-840B-9187C5E456D0}.Debug|iPhone.Build.0 = Debug|Any CPU
		{EA3FEA07-F09B-4925-840B-9187C5E456D0}.Debug|iPhone.Deploy.0 = Debug|Any CPU
		{EA3FEA07-F09B-4925-840B-9187C5E456D0}.Debug|iPhoneSimulator.ActiveCfg = Debug|Any CPU
		{EA3FEA07-F09B-4925-840B-9187C5E456D0}.Debug|iPhoneSimulator.Build.0 = Debug|Any CPU
		{EA3FEA07-F09B-4925-840B-9187C5E456D0}.Debug|iPhoneSimulator.Deploy.0 = Debug|Any CPU
		{EA3FEA07-F09B-4925-840B-9187C5E456D0}.Debug|x64.ActiveCfg = Debug|Any CPU
		{EA3FEA07-F09B-4925-840B-9187C5E456D0}.Debug|x64.Build.0 = Debug|Any CPU
		{EA3FEA07-F09B-4925-840B-9187C5E456D0}.Debug|x64.Deploy.0 = Debug|Any CPU
		{EA3FEA07-F09B-4925-840B-9187C5E456D0}.Debug|x86.ActiveCfg = Debug|Any CPU
		{EA3FEA07-F09B-4925-840B-9187C5E456D0}.Debug|x86.Build.0 = Debug|Any CPU
		{EA3FEA07-F09B-4925-840B-9187C5E456D0}.Debug|x86.Deploy.0 = Debug|Any CPU
		{EA3FEA07-F09B-4925-840B-9187C5E456D0}.Release|Any CPU.ActiveCfg = Release|Any CPU
		{EA3FEA07-F09B-4925-840B-9187C5E456D0}.Release|Any CPU.Build.0 = Release|Any CPU
		{EA3FEA07-F09B-4925-840B-9187C5E456D0}.Release|Any CPU.Deploy.0 = Release|Any CPU
		{EA3FEA07-F09B-4925-840B-9187C5E456D0}.Release|ARM.ActiveCfg = Release|Any CPU
		{EA3FEA07-F09B-4925-840B-9187C5E456D0}.Release|ARM.Build.0 = Release|Any CPU
		{EA3FEA07-F09B-4925-840B-9187C5E456D0}.Release|ARM.Deploy.0 = Release|Any CPU
		{EA3FEA07-F09B-4925-840B-9187C5E456D0}.Release|iPhone.ActiveCfg = Release|Any CPU
		{EA3FEA07-F09B-4925-840B-9187C5E456D0}.Release|iPhone.Build.0 = Release|Any CPU
		{EA3FEA07-F09B-4925-840B-9187C5E456D0}.Release|iPhone.Deploy.0 = Release|Any CPU
		{EA3FEA07-F09B-4925-840B-9187C5E456D0}.Release|iPhoneSimulator.ActiveCfg = Release|Any CPU
		{EA3FEA07-F09B-4925-840B-9187C5E456D0}.Release|iPhoneSimulator.Build.0 = Release|Any CPU
		{EA3FEA07-F09B-4925-840B-9187C5E456D0}.Release|iPhoneSimulator.Deploy.0 = Release|Any CPU
		{EA3FEA07-F09B-4925-840B-9187C5E456D0}.Release|x64.ActiveCfg = Release|Any CPU
		{EA3FEA07-F09B-4925-840B-9187C5E456D0}.Release|x64.Build.0 = Release|Any CPU
		{EA3FEA07-F09B-4925-840B-9187C5E456D0}.Release|x64.Deploy.0 = Release|Any CPU
		{EA3FEA07-F09B-4925-840B-9187C5E456D0}.Release|x86.ActiveCfg = Release|Any CPU
		{EA3FEA07-F09B-4925-840B-9187C5E456D0}.Release|x86.Build.0 = Release|Any CPU
		{EA3FEA07-F09B-4925-840B-9187C5E456D0}.Release|x86.Deploy.0 = Release|Any CPU
		{76F5C838-EEB2-405D-B88C-8860D314A10A}.Ad-Hoc|Any CPU.ActiveCfg = Release|Any CPU
		{76F5C838-EEB2-405D-B88C-8860D314A10A}.Ad-Hoc|Any CPU.Build.0 = Release|Any CPU
		{76F5C838-EEB2-405D-B88C-8860D314A10A}.Ad-Hoc|ARM.ActiveCfg = Release|Any CPU
		{76F5C838-EEB2-405D-B88C-8860D314A10A}.Ad-Hoc|ARM.Build.0 = Release|Any CPU
		{76F5C838-EEB2-405D-B88C-8860D314A10A}.Ad-Hoc|iPhone.ActiveCfg = Release|Any CPU
		{76F5C838-EEB2-405D-B88C-8860D314A10A}.Ad-Hoc|iPhone.Build.0 = Release|Any CPU
		{76F5C838-EEB2-405D-B88C-8860D314A10A}.Ad-Hoc|iPhoneSimulator.ActiveCfg = Release|Any CPU
		{76F5C838-EEB2-405D-B88C-8860D314A10A}.Ad-Hoc|iPhoneSimulator.Build.0 = Release|Any CPU
		{76F5C838-EEB2-405D-B88C-8860D314A10A}.Ad-Hoc|x64.ActiveCfg = Release|Any CPU
		{76F5C838-EEB2-405D-B88C-8860D314A10A}.Ad-Hoc|x64.Build.0 = Release|Any CPU
		{76F5C838-EEB2-405D-B88C-8860D314A10A}.Ad-Hoc|x86.ActiveCfg = Release|Any CPU
		{76F5C838-EEB2-405D-B88C-8860D314A10A}.Ad-Hoc|x86.Build.0 = Release|Any CPU
		{76F5C838-EEB2-405D-B88C-8860D314A10A}.AppStore|Any CPU.ActiveCfg = Release|Any CPU
		{76F5C838-EEB2-405D-B88C-8860D314A10A}.AppStore|Any CPU.Build.0 = Release|Any CPU
		{76F5C838-EEB2-405D-B88C-8860D314A10A}.AppStore|ARM.ActiveCfg = Release|Any CPU
		{76F5C838-EEB2-405D-B88C-8860D314A10A}.AppStore|ARM.Build.0 = Release|Any CPU
		{76F5C838-EEB2-405D-B88C-8860D314A10A}.AppStore|iPhone.ActiveCfg = Release|Any CPU
		{76F5C838-EEB2-405D-B88C-8860D314A10A}.AppStore|iPhone.Build.0 = Release|Any CPU
		{76F5C838-EEB2-405D-B88C-8860D314A10A}.AppStore|iPhoneSimulator.ActiveCfg = Release|Any CPU
		{76F5C838-EEB2-405D-B88C-8860D314A10A}.AppStore|iPhoneSimulator.Build.0 = Release|Any CPU
		{76F5C838-EEB2-405D-B88C-8860D314A10A}.AppStore|x64.ActiveCfg = Release|Any CPU
		{76F5C838-EEB2-405D-B88C-8860D314A10A}.AppStore|x64.Build.0 = Release|Any CPU
		{76F5C838-EEB2-405D-B88C-8860D314A10A}.AppStore|x86.ActiveCfg = Release|Any CPU
		{76F5C838-EEB2-405D-B88C-8860D314A10A}.AppStore|x86.Build.0 = Release|Any CPU
		{76F5C838-EEB2-405D-B88C-8860D314A10A}.Debug|Any CPU.ActiveCfg = Debug|Any CPU
		{76F5C838-EEB2-405D-B88C-8860D314A10A}.Debug|Any CPU.Build.0 = Debug|Any CPU
		{76F5C838-EEB2-405D-B88C-8860D314A10A}.Debug|ARM.ActiveCfg = Debug|Any CPU
		{76F5C838-EEB2-405D-B88C-8860D314A10A}.Debug|ARM.Build.0 = Debug|Any CPU
		{76F5C838-EEB2-405D-B88C-8860D314A10A}.Debug|iPhone.ActiveCfg = Debug|Any CPU
		{76F5C838-EEB2-405D-B88C-8860D314A10A}.Debug|iPhone.Build.0 = Debug|Any CPU
		{76F5C838-EEB2-405D-B88C-8860D314A10A}.Debug|iPhoneSimulator.ActiveCfg = Debug|Any CPU
		{76F5C838-EEB2-405D-B88C-8860D314A10A}.Debug|iPhoneSimulator.Build.0 = Debug|Any CPU
		{76F5C838-EEB2-405D-B88C-8860D314A10A}.Debug|x64.ActiveCfg = Debug|Any CPU
		{76F5C838-EEB2-405D-B88C-8860D314A10A}.Debug|x64.Build.0 = Debug|Any CPU
		{76F5C838-EEB2-405D-B88C-8860D314A10A}.Debug|x86.ActiveCfg = Debug|Any CPU
		{76F5C838-EEB2-405D-B88C-8860D314A10A}.Debug|x86.Build.0 = Debug|Any CPU
		{76F5C838-EEB2-405D-B88C-8860D314A10A}.Release|Any CPU.ActiveCfg = Release|Any CPU
		{76F5C838-EEB2-405D-B88C-8860D314A10A}.Release|Any CPU.Build.0 = Release|Any CPU
		{76F5C838-EEB2-405D-B88C-8860D314A10A}.Release|ARM.ActiveCfg = Release|Any CPU
		{76F5C838-EEB2-405D-B88C-8860D314A10A}.Release|ARM.Build.0 = Release|Any CPU
		{76F5C838-EEB2-405D-B88C-8860D314A10A}.Release|iPhone.ActiveCfg = Release|Any CPU
		{76F5C838-EEB2-405D-B88C-8860D314A10A}.Release|iPhone.Build.0 = Release|Any CPU
		{76F5C838-EEB2-405D-B88C-8860D314A10A}.Release|iPhoneSimulator.ActiveCfg = Release|Any CPU
		{76F5C838-EEB2-405D-B88C-8860D314A10A}.Release|iPhoneSimulator.Build.0 = Release|Any CPU
		{76F5C838-EEB2-405D-B88C-8860D314A10A}.Release|x64.ActiveCfg = Release|Any CPU
		{76F5C838-EEB2-405D-B88C-8860D314A10A}.Release|x64.Build.0 = Release|Any CPU
		{76F5C838-EEB2-405D-B88C-8860D314A10A}.Release|x86.ActiveCfg = Release|Any CPU
		{76F5C838-EEB2-405D-B88C-8860D314A10A}.Release|x86.Build.0 = Release|Any CPU
		{7B814474-7147-4BC6-A7F7-04A7B244F960}.Ad-Hoc|Any CPU.ActiveCfg = Release|x86
		{7B814474-7147-4BC6-A7F7-04A7B244F960}.Ad-Hoc|Any CPU.Build.0 = Release|x86
		{7B814474-7147-4BC6-A7F7-04A7B244F960}.Ad-Hoc|Any CPU.Deploy.0 = Release|x86
		{7B814474-7147-4BC6-A7F7-04A7B244F960}.Ad-Hoc|ARM.ActiveCfg = Release|ARM
		{7B814474-7147-4BC6-A7F7-04A7B244F960}.Ad-Hoc|ARM.Build.0 = Release|ARM
		{7B814474-7147-4BC6-A7F7-04A7B244F960}.Ad-Hoc|ARM.Deploy.0 = Release|ARM
		{7B814474-7147-4BC6-A7F7-04A7B244F960}.Ad-Hoc|iPhone.ActiveCfg = Release|x86
		{7B814474-7147-4BC6-A7F7-04A7B244F960}.Ad-Hoc|iPhone.Build.0 = Release|x86
		{7B814474-7147-4BC6-A7F7-04A7B244F960}.Ad-Hoc|iPhone.Deploy.0 = Release|x86
		{7B814474-7147-4BC6-A7F7-04A7B244F960}.Ad-Hoc|iPhoneSimulator.ActiveCfg = Release|x86
		{7B814474-7147-4BC6-A7F7-04A7B244F960}.Ad-Hoc|iPhoneSimulator.Build.0 = Release|x86
		{7B814474-7147-4BC6-A7F7-04A7B244F960}.Ad-Hoc|iPhoneSimulator.Deploy.0 = Release|x86
		{7B814474-7147-4BC6-A7F7-04A7B244F960}.Ad-Hoc|x64.ActiveCfg = Release|x64
		{7B814474-7147-4BC6-A7F7-04A7B244F960}.Ad-Hoc|x64.Build.0 = Release|x64
		{7B814474-7147-4BC6-A7F7-04A7B244F960}.Ad-Hoc|x64.Deploy.0 = Release|x64
		{7B814474-7147-4BC6-A7F7-04A7B244F960}.Ad-Hoc|x86.ActiveCfg = Release|x86
		{7B814474-7147-4BC6-A7F7-04A7B244F960}.Ad-Hoc|x86.Build.0 = Release|x86
		{7B814474-7147-4BC6-A7F7-04A7B244F960}.Ad-Hoc|x86.Deploy.0 = Release|x86
		{7B814474-7147-4BC6-A7F7-04A7B244F960}.AppStore|Any CPU.ActiveCfg = Release|x86
		{7B814474-7147-4BC6-A7F7-04A7B244F960}.AppStore|Any CPU.Build.0 = Release|x86
		{7B814474-7147-4BC6-A7F7-04A7B244F960}.AppStore|Any CPU.Deploy.0 = Release|x86
		{7B814474-7147-4BC6-A7F7-04A7B244F960}.AppStore|ARM.ActiveCfg = Release|ARM
		{7B814474-7147-4BC6-A7F7-04A7B244F960}.AppStore|ARM.Build.0 = Release|ARM
		{7B814474-7147-4BC6-A7F7-04A7B244F960}.AppStore|ARM.Deploy.0 = Release|ARM
		{7B814474-7147-4BC6-A7F7-04A7B244F960}.AppStore|iPhone.ActiveCfg = Release|x86
		{7B814474-7147-4BC6-A7F7-04A7B244F960}.AppStore|iPhone.Build.0 = Release|x86
		{7B814474-7147-4BC6-A7F7-04A7B244F960}.AppStore|iPhone.Deploy.0 = Release|x86
		{7B814474-7147-4BC6-A7F7-04A7B244F960}.AppStore|iPhoneSimulator.ActiveCfg = Release|x86
		{7B814474-7147-4BC6-A7F7-04A7B244F960}.AppStore|iPhoneSimulator.Build.0 = Release|x86
		{7B814474-7147-4BC6-A7F7-04A7B244F960}.AppStore|iPhoneSimulator.Deploy.0 = Release|x86
		{7B814474-7147-4BC6-A7F7-04A7B244F960}.AppStore|x64.ActiveCfg = Release|x64
		{7B814474-7147-4BC6-A7F7-04A7B244F960}.AppStore|x64.Build.0 = Release|x64
		{7B814474-7147-4BC6-A7F7-04A7B244F960}.AppStore|x64.Deploy.0 = Release|x64
		{7B814474-7147-4BC6-A7F7-04A7B244F960}.AppStore|x86.ActiveCfg = Release|x86
		{7B814474-7147-4BC6-A7F7-04A7B244F960}.AppStore|x86.Build.0 = Release|x86
		{7B814474-7147-4BC6-A7F7-04A7B244F960}.AppStore|x86.Deploy.0 = Release|x86
		{7B814474-7147-4BC6-A7F7-04A7B244F960}.Debug|Any CPU.ActiveCfg = Debug|x86
		{7B814474-7147-4BC6-A7F7-04A7B244F960}.Debug|ARM.ActiveCfg = Debug|ARM
		{7B814474-7147-4BC6-A7F7-04A7B244F960}.Debug|ARM.Build.0 = Debug|ARM
		{7B814474-7147-4BC6-A7F7-04A7B244F960}.Debug|ARM.Deploy.0 = Debug|ARM
		{7B814474-7147-4BC6-A7F7-04A7B244F960}.Debug|iPhone.ActiveCfg = Debug|x86
		{7B814474-7147-4BC6-A7F7-04A7B244F960}.Debug|iPhoneSimulator.ActiveCfg = Debug|x86
		{7B814474-7147-4BC6-A7F7-04A7B244F960}.Debug|x64.ActiveCfg = Debug|x64
		{7B814474-7147-4BC6-A7F7-04A7B244F960}.Debug|x64.Build.0 = Debug|x64
		{7B814474-7147-4BC6-A7F7-04A7B244F960}.Debug|x64.Deploy.0 = Debug|x64
		{7B814474-7147-4BC6-A7F7-04A7B244F960}.Debug|x86.ActiveCfg = Debug|x86
		{7B814474-7147-4BC6-A7F7-04A7B244F960}.Debug|x86.Build.0 = Debug|x86
		{7B814474-7147-4BC6-A7F7-04A7B244F960}.Debug|x86.Deploy.0 = Debug|x86
		{7B814474-7147-4BC6-A7F7-04A7B244F960}.Release|Any CPU.ActiveCfg = Release|x86
		{7B814474-7147-4BC6-A7F7-04A7B244F960}.Release|ARM.ActiveCfg = Release|ARM
		{7B814474-7147-4BC6-A7F7-04A7B244F960}.Release|ARM.Build.0 = Release|ARM
		{7B814474-7147-4BC6-A7F7-04A7B244F960}.Release|ARM.Deploy.0 = Release|ARM
		{7B814474-7147-4BC6-A7F7-04A7B244F960}.Release|iPhone.ActiveCfg = Release|x86
		{7B814474-7147-4BC6-A7F7-04A7B244F960}.Release|iPhoneSimulator.ActiveCfg = Release|x86
		{7B814474-7147-4BC6-A7F7-04A7B244F960}.Release|x64.ActiveCfg = Release|x64
		{7B814474-7147-4BC6-A7F7-04A7B244F960}.Release|x64.Build.0 = Release|x64
		{7B814474-7147-4BC6-A7F7-04A7B244F960}.Release|x64.Deploy.0 = Release|x64
		{7B814474-7147-4BC6-A7F7-04A7B244F960}.Release|x86.ActiveCfg = Release|x86
		{7B814474-7147-4BC6-A7F7-04A7B244F960}.Release|x86.Build.0 = Release|x86
		{7B814474-7147-4BC6-A7F7-04A7B244F960}.Release|x86.Deploy.0 = Release|x86
		{14ABA0B2-99B0-4F6B-9D2E-E81ADF65426D}.Ad-Hoc|Any CPU.ActiveCfg = Ad-Hoc|iPhoneSimulator
		{14ABA0B2-99B0-4F6B-9D2E-E81ADF65426D}.Ad-Hoc|ARM.ActiveCfg = Ad-Hoc|iPhone
		{14ABA0B2-99B0-4F6B-9D2E-E81ADF65426D}.Ad-Hoc|iPhone.ActiveCfg = Ad-Hoc|iPhone
		{14ABA0B2-99B0-4F6B-9D2E-E81ADF65426D}.Ad-Hoc|iPhone.Build.0 = Ad-Hoc|iPhone
		{14ABA0B2-99B0-4F6B-9D2E-E81ADF65426D}.Ad-Hoc|iPhoneSimulator.ActiveCfg = Ad-Hoc|iPhoneSimulator
		{14ABA0B2-99B0-4F6B-9D2E-E81ADF65426D}.Ad-Hoc|iPhoneSimulator.Build.0 = Ad-Hoc|iPhoneSimulator
		{14ABA0B2-99B0-4F6B-9D2E-E81ADF65426D}.Ad-Hoc|x64.ActiveCfg = Ad-Hoc|iPhone
		{14ABA0B2-99B0-4F6B-9D2E-E81ADF65426D}.Ad-Hoc|x86.ActiveCfg = Ad-Hoc|iPhone
		{14ABA0B2-99B0-4F6B-9D2E-E81ADF65426D}.AppStore|Any CPU.ActiveCfg = AppStore|iPhoneSimulator
		{14ABA0B2-99B0-4F6B-9D2E-E81ADF65426D}.AppStore|ARM.ActiveCfg = AppStore|iPhone
		{14ABA0B2-99B0-4F6B-9D2E-E81ADF65426D}.AppStore|iPhone.ActiveCfg = AppStore|iPhone
		{14ABA0B2-99B0-4F6B-9D2E-E81ADF65426D}.AppStore|iPhone.Build.0 = AppStore|iPhone
		{14ABA0B2-99B0-4F6B-9D2E-E81ADF65426D}.AppStore|iPhoneSimulator.ActiveCfg = AppStore|iPhoneSimulator
		{14ABA0B2-99B0-4F6B-9D2E-E81ADF65426D}.AppStore|iPhoneSimulator.Build.0 = AppStore|iPhoneSimulator
		{14ABA0B2-99B0-4F6B-9D2E-E81ADF65426D}.AppStore|x64.ActiveCfg = AppStore|iPhone
		{14ABA0B2-99B0-4F6B-9D2E-E81ADF65426D}.AppStore|x86.ActiveCfg = AppStore|iPhone
		{14ABA0B2-99B0-4F6B-9D2E-E81ADF65426D}.Debug|Any CPU.ActiveCfg = Debug|iPhoneSimulator
		{14ABA0B2-99B0-4F6B-9D2E-E81ADF65426D}.Debug|ARM.ActiveCfg = Debug|iPhone
		{14ABA0B2-99B0-4F6B-9D2E-E81ADF65426D}.Debug|iPhone.ActiveCfg = Debug|iPhone
		{14ABA0B2-99B0-4F6B-9D2E-E81ADF65426D}.Debug|iPhone.Build.0 = Debug|iPhone
		{14ABA0B2-99B0-4F6B-9D2E-E81ADF65426D}.Debug|iPhoneSimulator.ActiveCfg = Debug|iPhoneSimulator
		{14ABA0B2-99B0-4F6B-9D2E-E81ADF65426D}.Debug|iPhoneSimulator.Build.0 = Debug|iPhoneSimulator
		{14ABA0B2-99B0-4F6B-9D2E-E81ADF65426D}.Debug|x64.ActiveCfg = Debug|iPhone
		{14ABA0B2-99B0-4F6B-9D2E-E81ADF65426D}.Debug|x86.ActiveCfg = Debug|iPhone
		{14ABA0B2-99B0-4F6B-9D2E-E81ADF65426D}.Release|Any CPU.ActiveCfg = Release|iPhoneSimulator
		{14ABA0B2-99B0-4F6B-9D2E-E81ADF65426D}.Release|ARM.ActiveCfg = Release|iPhone
		{14ABA0B2-99B0-4F6B-9D2E-E81ADF65426D}.Release|iPhone.ActiveCfg = Release|iPhone
		{14ABA0B2-99B0-4F6B-9D2E-E81ADF65426D}.Release|iPhone.Build.0 = Release|iPhone
		{14ABA0B2-99B0-4F6B-9D2E-E81ADF65426D}.Release|iPhoneSimulator.ActiveCfg = Release|iPhoneSimulator
		{14ABA0B2-99B0-4F6B-9D2E-E81ADF65426D}.Release|iPhoneSimulator.Build.0 = Release|iPhoneSimulator
		{14ABA0B2-99B0-4F6B-9D2E-E81ADF65426D}.Release|x64.ActiveCfg = Release|iPhone
		{14ABA0B2-99B0-4F6B-9D2E-E81ADF65426D}.Release|x86.ActiveCfg = Release|iPhone
	EndGlobalSection
	GlobalSection(SolutionProperties) = preSolution
		HideSolutionNode = FALSE
	EndGlobalSection
	GlobalSection(ExtensibilityGlobals) = postSolution
		SolutionGuid = {83C6B011-E42D-4666-A76F-B3C5A126E6B3}
	EndGlobalSection
EndGlobal
